
Microsoft Visual Studio Solution File, Format Version 12.00
# Visual Studio Version 17
VisualStudioVersion = 17.0.31912.275
MinimumVisualStudioVersion = 10.0.40219.1
Project("{FAE04EC0-301F-11D3-BF4B-00C04F79EFBC}") = "APPEET", "APPEET\APPEET.csproj", "{B74DB315-E254-470D-8E6F-21118E85ED68}"
EndProject
Project("{FAE04EC0-301F-11D3-BF4B-00C04F79EFBC}") = "BorderTextBoxLibrary", "BorderTextBox\BorderTextBoxLibrary.csproj", "{F282FAEA-9040-4764-A1B8-287238292D60}"
EndProject
Project("{54435603-DBB4-11D2-8724-00A0C9A8B90C}") = "APPET", "APPET\APPET.vdproj", "{397BD2A2-B306-4088-8C57-A41212FA3A7B}"
EndProject
Global
	GlobalSection(SolutionConfigurationPlatforms) = preSolution
		Debug|Any CPU = Debug|Any CPU
		Debug|x64 = Debug|x64
		Release|Any CPU = Release|Any CPU
		Release|x64 = Release|x64
	EndGlobalSection
	GlobalSection(ProjectConfigurationPlatforms) = postSolution
		{B74DB315-E254-470D-8E6F-21118E85ED68}.Debug|Any CPU.ActiveCfg = Debug|Any CPU
		{B74DB315-E254-470D-8E6F-21118E85ED68}.Debug|Any CPU.Build.0 = Debug|Any CPU
		{B74DB315-E254-470D-8E6F-21118E85ED68}.Debug|x64.ActiveCfg = Debug|x64
		{B74DB315-E254-470D-8E6F-21118E85ED68}.Debug|x64.Build.0 = Debug|x64
		{B74DB315-E254-470D-8E6F-21118E85ED68}.Release|Any CPU.ActiveCfg = Release|Any CPU
		{B74DB315-E254-470D-8E6F-21118E85ED68}.Release|Any CPU.Build.0 = Release|Any CPU
		{B74DB315-E254-470D-8E6F-21118E85ED68}.Release|x64.ActiveCfg = Release|x64
		{B74DB315-E254-470D-8E6F-21118E85ED68}.Release|x64.Build.0 = Release|x64
		{F282FAEA-9040-4764-A1B8-287238292D60}.Debug|Any CPU.ActiveCfg = Debug|Any CPU
		{F282FAEA-9040-4764-A1B8-287238292D60}.Debug|Any CPU.Build.0 = Debug|Any CPU
		{F282FAEA-9040-4764-A1B8-287238292D60}.Debug|x64.ActiveCfg = Debug|x64
		{F282FAEA-9040-4764-A1B8-287238292D60}.Debug|x64.Build.0 = Debug|x64
		{F282FAEA-9040-4764-A1B8-287238292D60}.Release|Any CPU.ActiveCfg = Release|Any CPU
		{F282FAEA-9040-4764-A1B8-287238292D60}.Release|Any CPU.Build.0 = Release|Any CPU
		{F282FAEA-9040-4764-A1B8-287238292D60}.Release|x64.ActiveCfg = Release|x64
		{F282FAEA-9040-4764-A1B8-287238292D60}.Release|x64.Build.0 = Release|x64
		{397BD2A2-B306-4088-8C57-A41212FA3A7B}.Debug|Any CPU.ActiveCfg = Debug
		{397BD2A2-B306-4088-8C57-A41212FA3A7B}.Debug|x64.ActiveCfg = Debug
		{397BD2A2-B306-4088-8C57-A41212FA3A7B}.Debug|x64.Build.0 = Debug
		{397BD2A2-B306-4088-8C57-A41212FA3A7B}.Release|Any CPU.ActiveCfg = Release
		{397BD2A2-B306-4088-8C57-A41212FA3A7B}.Release|x64.ActiveCfg = Release
		{397BD2A2-B306-4088-8C57-A41212FA3A7B}.Release|x64.Build.0 = Release
	EndGlobalSection
	GlobalSection(SolutionProperties) = preSolution
		HideSolutionNode = FALSE
	EndGlobalSection
	GlobalSection(ExtensibilityGlobals) = postSolution
		SolutionGuid = {F53CBFD9-6FE8-4E2E-85DD-AF89119598AA}
	EndGlobalSection
EndGlobal
